// !$*UTF8*$!
{
	archiveVersion = 1;
	classes = {
	};
	objectVersion = 50;
	objects = {

/* Begin PBXBuildFile section */
		4A7398A121A473B9004D3450 /* AppDelegate.swift in Sources */ = {isa = PBXBuildFile; fileRef = 4A7398A021A473B9004D3450 /* AppDelegate.swift */; };
		4A7398A921A473B9004D3450 /* SaveSense.xcdatamodeld in Sources */ = {isa = PBXBuildFile; fileRef = 4A7398A721A473B9004D3450 /* SaveSense.xcdatamodeld */; };
		4A7398AB21A473BA004D3450 /* Assets.xcassets in Resources */ = {isa = PBXBuildFile; fileRef = 4A7398AA21A473BA004D3450 /* Assets.xcassets */; };
		4A7398AE21A473BA004D3450 /* LaunchScreen.storyboard in Resources */ = {isa = PBXBuildFile; fileRef = 4A7398AC21A473BA004D3450 /* LaunchScreen.storyboard */; };
		4A7398B921A473BA004D3450 /* SaveSenseTests.swift in Sources */ = {isa = PBXBuildFile; fileRef = 4A7398B821A473BA004D3450 /* SaveSenseTests.swift */; };
		4A7398C421A473BA004D3450 /* SaveSenseUITests.swift in Sources */ = {isa = PBXBuildFile; fileRef = 4A7398C321A473BA004D3450 /* SaveSenseUITests.swift */; };
		4A7398D221A47468004D3450 /* LoginViewController.swift in Sources */ = {isa = PBXBuildFile; fileRef = 4A7398D121A47468004D3450 /* LoginViewController.swift */; };
		4A7398D921A47549004D3450 /* satelliteIcon.png in Resources */ = {isa = PBXBuildFile; fileRef = 4A7398D721A47549004D3450 /* satelliteIcon.png */; };
		4A7398DA21A47549004D3450 /* watchIconWhiteBackground.png in Resources */ = {isa = PBXBuildFile; fileRef = 4A7398D821A47549004D3450 /* watchIconWhiteBackground.png */; };
		4A7398DC21A4757B004D3450 /* LoginViewControllerLayout.swift in Sources */ = {isa = PBXBuildFile; fileRef = 4A7398DB21A4757B004D3450 /* LoginViewControllerLayout.swift */; };
		4A7398DE21A475AB004D3450 /* customButton.swift in Sources */ = {isa = PBXBuildFile; fileRef = 4A7398DD21A475AB004D3450 /* customButton.swift */; };
		4A7398E121A47736004D3450 /* LoginViewController Constraints.swift in Sources */ = {isa = PBXBuildFile; fileRef = 4A7398E021A47736004D3450 /* LoginViewController Constraints.swift */; };
		4A7398E321A57F15004D3450 /* LoginCardView.swift in Sources */ = {isa = PBXBuildFile; fileRef = 4A7398E221A57F15004D3450 /* LoginCardView.swift */; };
		4A7398E621A57F30004D3450 /* RegisterCardView.swift in Sources */ = {isa = PBXBuildFile; fileRef = 4A7398E521A57F30004D3450 /* RegisterCardView.swift */; };
		4A7398E821A5BBCB004D3450 /* HomeViewController.swift in Sources */ = {isa = PBXBuildFile; fileRef = 4A7398E721A5BBCB004D3450 /* HomeViewController.swift */; };
		4A7398EB21A6AC3C004D3450 /* deviceDataModel.swift in Sources */ = {isa = PBXBuildFile; fileRef = 4A7398EA21A6AC3C004D3450 /* deviceDataModel.swift */; };
		4A7398ED21A6ACB5004D3450 /* HomeViewControllerLayout.swift in Sources */ = {isa = PBXBuildFile; fileRef = 4A7398EC21A6ACB5004D3450 /* HomeViewControllerLayout.swift */; };
		4A7398EF21A6AD40004D3450 /* deviceTableCell.swift in Sources */ = {isa = PBXBuildFile; fileRef = 4A7398EE21A6AD40004D3450 /* deviceTableCell.swift */; };
		4A7398F421A6B276004D3450 /* battery_empty.png in Resources */ = {isa = PBXBuildFile; fileRef = 4A7398F021A6B276004D3450 /* battery_empty.png */; };
		4A7398F521A6B276004D3450 /* battery_full.png in Resources */ = {isa = PBXBuildFile; fileRef = 4A7398F121A6B276004D3450 /* battery_full.png */; };
		4A7398F621A6B276004D3450 /* battery_half.png in Resources */ = {isa = PBXBuildFile; fileRef = 4A7398F221A6B276004D3450 /* battery_half.png */; };
		4A7398F721A6B276004D3450 /* battery_threequarter.png in Resources */ = {isa = PBXBuildFile; fileRef = 4A7398F321A6B276004D3450 /* battery_threequarter.png */; };
		4A7398F921A82DB8004D3450 /* DeviceDetailViewController.swift in Sources */ = {isa = PBXBuildFile; fileRef = 4A7398F821A82DB8004D3450 /* DeviceDetailViewController.swift */; };
		4A7398FB21A83007004D3450 /* DeviceDetailViewControllerLayout.swift in Sources */ = {isa = PBXBuildFile; fileRef = 4A7398FA21A83007004D3450 /* DeviceDetailViewControllerLayout.swift */; };
		4A7398FD21A833AE004D3450 /* DeviceDetailViewControllerConstraints.swift in Sources */ = {isa = PBXBuildFile; fileRef = 4A7398FC21A833AE004D3450 /* DeviceDetailViewControllerConstraints.swift */; };
		4A7398FF21A83613004D3450 /* Edit_icon.png in Resources */ = {isa = PBXBuildFile; fileRef = 4A7398FE21A83613004D3450 /* Edit_icon.png */; };
		4A73990421ABFE42004D3450 /* changeNameAlert.swift in Sources */ = {isa = PBXBuildFile; fileRef = 4A73990321ABFE42004D3450 /* changeNameAlert.swift */; };
/* End PBXBuildFile section */

/* Begin PBXContainerItemProxy section */
		4A7398B521A473BA004D3450 /* PBXContainerItemProxy */ = {
			isa = PBXContainerItemProxy;
			containerPortal = 4A73989521A473B9004D3450 /* Project object */;
			proxyType = 1;
			remoteGlobalIDString = 4A73989C21A473B9004D3450;
			remoteInfo = SaveSense;
		};
		4A7398C021A473BA004D3450 /* PBXContainerItemProxy */ = {
			isa = PBXContainerItemProxy;
			containerPortal = 4A73989521A473B9004D3450 /* Project object */;
			proxyType = 1;
			remoteGlobalIDString = 4A73989C21A473B9004D3450;
			remoteInfo = SaveSense;
		};
/* End PBXContainerItemProxy section */

/* Begin PBXFileReference section */
		4A73989D21A473B9004D3450 /* SaveSense.app */ = {isa = PBXFileReference; explicitFileType = wrapper.application; includeInIndex = 0; path = SaveSense.app; sourceTree = BUILT_PRODUCTS_DIR; };
		4A7398A021A473B9004D3450 /* AppDelegate.swift */ = {isa = PBXFileReference; lastKnownFileType = sourcecode.swift; path = AppDelegate.swift; sourceTree = "<group>"; };
		4A7398A821A473B9004D3450 /* SaveSense.xcdatamodel */ = {isa = PBXFileReference; lastKnownFileType = wrapper.xcdatamodel; path = SaveSense.xcdatamodel; sourceTree = "<group>"; };
		4A7398AA21A473BA004D3450 /* Assets.xcassets */ = {isa = PBXFileReference; lastKnownFileType = folder.assetcatalog; path = Assets.xcassets; sourceTree = "<group>"; };
		4A7398AD21A473BA004D3450 /* Base */ = {isa = PBXFileReference; lastKnownFileType = file.storyboard; name = Base; path = Base.lproj/LaunchScreen.storyboard; sourceTree = "<group>"; };
		4A7398AF21A473BA004D3450 /* Info.plist */ = {isa = PBXFileReference; lastKnownFileType = text.plist.xml; path = Info.plist; sourceTree = "<group>"; };
		4A7398B421A473BA004D3450 /* SaveSenseTests.xctest */ = {isa = PBXFileReference; explicitFileType = wrapper.cfbundle; includeInIndex = 0; path = SaveSenseTests.xctest; sourceTree = BUILT_PRODUCTS_DIR; };
		4A7398B821A473BA004D3450 /* SaveSenseTests.swift */ = {isa = PBXFileReference; lastKnownFileType = sourcecode.swift; path = SaveSenseTests.swift; sourceTree = "<group>"; };
		4A7398BA21A473BA004D3450 /* Info.plist */ = {isa = PBXFileReference; lastKnownFileType = text.plist.xml; path = Info.plist; sourceTree = "<group>"; };
		4A7398BF21A473BA004D3450 /* SaveSenseUITests.xctest */ = {isa = PBXFileReference; explicitFileType = wrapper.cfbundle; includeInIndex = 0; path = SaveSenseUITests.xctest; sourceTree = BUILT_PRODUCTS_DIR; };
		4A7398C321A473BA004D3450 /* SaveSenseUITests.swift */ = {isa = PBXFileReference; lastKnownFileType = sourcecode.swift; path = SaveSenseUITests.swift; sourceTree = "<group>"; };
		4A7398C521A473BA004D3450 /* Info.plist */ = {isa = PBXFileReference; lastKnownFileType = text.plist.xml; path = Info.plist; sourceTree = "<group>"; };
		4A7398D121A47468004D3450 /* LoginViewController.swift */ = {isa = PBXFileReference; lastKnownFileType = sourcecode.swift; path = LoginViewController.swift; sourceTree = "<group>"; };
		4A7398D721A47549004D3450 /* satelliteIcon.png */ = {isa = PBXFileReference; lastKnownFileType = image.png; path = satelliteIcon.png; sourceTree = "<group>"; };
		4A7398D821A47549004D3450 /* watchIconWhiteBackground.png */ = {isa = PBXFileReference; lastKnownFileType = image.png; path = watchIconWhiteBackground.png; sourceTree = "<group>"; };
		4A7398DB21A4757B004D3450 /* LoginViewControllerLayout.swift */ = {isa = PBXFileReference; lastKnownFileType = sourcecode.swift; path = LoginViewControllerLayout.swift; sourceTree = "<group>"; };
		4A7398DD21A475AB004D3450 /* customButton.swift */ = {isa = PBXFileReference; lastKnownFileType = sourcecode.swift; path = customButton.swift; sourceTree = "<group>"; };
		4A7398E021A47736004D3450 /* LoginViewController Constraints.swift */ = {isa = PBXFileReference; lastKnownFileType = sourcecode.swift; path = "LoginViewController Constraints.swift"; sourceTree = "<group>"; };
		4A7398E221A57F15004D3450 /* LoginCardView.swift */ = {isa = PBXFileReference; lastKnownFileType = sourcecode.swift; path = LoginCardView.swift; sourceTree = "<group>"; };
		4A7398E521A57F30004D3450 /* RegisterCardView.swift */ = {isa = PBXFileReference; lastKnownFileType = sourcecode.swift; path = RegisterCardView.swift; sourceTree = "<group>"; };
		4A7398E721A5BBCB004D3450 /* HomeViewController.swift */ = {isa = PBXFileReference; lastKnownFileType = sourcecode.swift; path = HomeViewController.swift; sourceTree = "<group>"; };
		4A7398EA21A6AC3C004D3450 /* deviceDataModel.swift */ = {isa = PBXFileReference; lastKnownFileType = sourcecode.swift; path = deviceDataModel.swift; sourceTree = "<group>"; };
		4A7398EC21A6ACB5004D3450 /* HomeViewControllerLayout.swift */ = {isa = PBXFileReference; lastKnownFileType = sourcecode.swift; path = HomeViewControllerLayout.swift; sourceTree = "<group>"; };
		4A7398EE21A6AD40004D3450 /* deviceTableCell.swift */ = {isa = PBXFileReference; lastKnownFileType = sourcecode.swift; path = deviceTableCell.swift; sourceTree = "<group>"; };
		4A7398F021A6B276004D3450 /* battery_empty.png */ = {isa = PBXFileReference; lastKnownFileType = image.png; path = battery_empty.png; sourceTree = "<group>"; };
		4A7398F121A6B276004D3450 /* battery_full.png */ = {isa = PBXFileReference; lastKnownFileType = image.png; path = battery_full.png; sourceTree = "<group>"; };
		4A7398F221A6B276004D3450 /* battery_half.png */ = {isa = PBXFileReference; lastKnownFileType = image.png; path = battery_half.png; sourceTree = "<group>"; };
		4A7398F321A6B276004D3450 /* battery_threequarter.png */ = {isa = PBXFileReference; lastKnownFileType = image.png; path = battery_threequarter.png; sourceTree = "<group>"; };
		4A7398F821A82DB8004D3450 /* DeviceDetailViewController.swift */ = {isa = PBXFileReference; lastKnownFileType = sourcecode.swift; path = DeviceDetailViewController.swift; sourceTree = "<group>"; };
		4A7398FA21A83007004D3450 /* DeviceDetailViewControllerLayout.swift */ = {isa = PBXFileReference; lastKnownFileType = sourcecode.swift; path = DeviceDetailViewControllerLayout.swift; sourceTree = "<group>"; };
		4A7398FC21A833AE004D3450 /* DeviceDetailViewControllerConstraints.swift */ = {isa = PBXFileReference; lastKnownFileType = sourcecode.swift; path = DeviceDetailViewControllerConstraints.swift; sourceTree = "<group>"; };
		4A7398FE21A83613004D3450 /* Edit_icon.png */ = {isa = PBXFileReference; lastKnownFileType = image.png; path = Edit_icon.png; sourceTree = "<group>"; };
		4A73990321ABFE42004D3450 /* changeNameAlert.swift */ = {isa = PBXFileReference; lastKnownFileType = sourcecode.swift; path = changeNameAlert.swift; sourceTree = "<group>"; };
/* End PBXFileReference section */

/* Begin PBXFrameworksBuildPhase section */
		4A73989A21A473B9004D3450 /* Frameworks */ = {
			isa = PBXFrameworksBuildPhase;
			buildActionMask = 2147483647;
			files = (
			);
			runOnlyForDeploymentPostprocessing = 0;
		};
		4A7398B121A473BA004D3450 /* Frameworks */ = {
			isa = PBXFrameworksBuildPhase;
			buildActionMask = 2147483647;
			files = (
			);
			runOnlyForDeploymentPostprocessing = 0;
		};
		4A7398BC21A473BA004D3450 /* Frameworks */ = {
			isa = PBXFrameworksBuildPhase;
			buildActionMask = 2147483647;
			files = (
			);
			runOnlyForDeploymentPostprocessing = 0;
		};
/* End PBXFrameworksBuildPhase section */

/* Begin PBXGroup section */
		4A73989421A473B9004D3450 = {
			isa = PBXGroup;
			children = (
				4A73989F21A473B9004D3450 /* SaveSense */,
				4A7398B721A473BA004D3450 /* SaveSenseTests */,
				4A7398C221A473BA004D3450 /* SaveSenseUITests */,
				4A73989E21A473B9004D3450 /* Products */,
			);
			sourceTree = "<group>";
		};
		4A73989E21A473B9004D3450 /* Products */ = {
			isa = PBXGroup;
			children = (
				4A73989D21A473B9004D3450 /* SaveSense.app */,
				4A7398B421A473BA004D3450 /* SaveSenseTests.xctest */,
				4A7398BF21A473BA004D3450 /* SaveSenseUITests.xctest */,
			);
			name = Products;
			sourceTree = "<group>";
		};
		4A73989F21A473B9004D3450 /* SaveSense */ = {
			isa = PBXGroup;
			children = (
				4AAC670121AFF74B0083D87F /* Delegates */,
				4A7398E921A6AC29004D3450 /* Models */,
				4A7398DF21A4770A004D3450 /* Constraints */,
				4A7398D621A47530004D3450 /* Images */,
				4A7398D521A47522004D3450 /* ViewControllers */,
				4A7398D421A47518004D3450 /* Classes */,
				4A7398D321A4750B004D3450 /* Extensions */,
				4A7398A021A473B9004D3450 /* AppDelegate.swift */,
				4A7398AC21A473BA004D3450 /* LaunchScreen.storyboard */,
				4A7398AF21A473BA004D3450 /* Info.plist */,
				4A7398A721A473B9004D3450 /* SaveSense.xcdatamodeld */,
			);
			path = SaveSense;
			sourceTree = "<group>";
		};
		4A7398B721A473BA004D3450 /* SaveSenseTests */ = {
			isa = PBXGroup;
			children = (
				4A7398B821A473BA004D3450 /* SaveSenseTests.swift */,
				4A7398BA21A473BA004D3450 /* Info.plist */,
			);
			path = SaveSenseTests;
			sourceTree = "<group>";
		};
		4A7398C221A473BA004D3450 /* SaveSenseUITests */ = {
			isa = PBXGroup;
			children = (
				4A7398C321A473BA004D3450 /* SaveSenseUITests.swift */,
				4A7398C521A473BA004D3450 /* Info.plist */,
			);
			path = SaveSenseUITests;
			sourceTree = "<group>";
		};
		4A7398D321A4750B004D3450 /* Extensions */ = {
			isa = PBXGroup;
			children = (
				4A7398DB21A4757B004D3450 /* LoginViewControllerLayout.swift */,
				4A7398EC21A6ACB5004D3450 /* HomeViewControllerLayout.swift */,
				4A7398FA21A83007004D3450 /* DeviceDetailViewControllerLayout.swift */,
				4A7398E421A57F1A004D3450 /* CardViews */,
			);
			path = Extensions;
			sourceTree = "<group>";
		};
		4A7398D421A47518004D3450 /* Classes */ = {
			isa = PBXGroup;
			children = (
				4A7398DD21A475AB004D3450 /* customButton.swift */,
				4A7398EE21A6AD40004D3450 /* deviceTableCell.swift */,
			);
			path = Classes;
			sourceTree = "<group>";
		};
		4A7398D521A47522004D3450 /* ViewControllers */ = {
			isa = PBXGroup;
			children = (
				4A7398D121A47468004D3450 /* LoginViewController.swift */,
				4A7398E721A5BBCB004D3450 /* HomeViewController.swift */,
				4A7398F821A82DB8004D3450 /* DeviceDetailViewController.swift */,
			);
			path = ViewControllers;
			sourceTree = "<group>";
		};
		4A7398D621A47530004D3450 /* Images */ = {
			isa = PBXGroup;
			children = (
				4A7398D721A47549004D3450 /* satelliteIcon.png */,
				4A7398FE21A83613004D3450 /* Edit_icon.png */,
				4A7398F021A6B276004D3450 /* battery_empty.png */,
				4A7398F121A6B276004D3450 /* battery_full.png */,
				4A7398F221A6B276004D3450 /* battery_half.png */,
				4A7398F321A6B276004D3450 /* battery_threequarter.png */,
				4A7398D821A47549004D3450 /* watchIconWhiteBackground.png */,
				4A7398AA21A473BA004D3450 /* Assets.xcassets */,
			);
			path = Images;
			sourceTree = "<group>";
		};
		4A7398DF21A4770A004D3450 /* Constraints */ = {
			isa = PBXGroup;
			children = (
				4A7398E021A47736004D3450 /* LoginViewController Constraints.swift */,
				4A7398FC21A833AE004D3450 /* DeviceDetailViewControllerConstraints.swift */,
			);
			path = Constraints;
			sourceTree = "<group>";
		};
		4A7398E421A57F1A004D3450 /* CardViews */ = {
			isa = PBXGroup;
			children = (
				4A7398E221A57F15004D3450 /* LoginCardView.swift */,
				4A7398E521A57F30004D3450 /* RegisterCardView.swift */,
			);
			path = CardViews;
			sourceTree = "<group>";
		};
		4A7398E921A6AC29004D3450 /* Models */ = {
			isa = PBXGroup;
			children = (
				4A73990221ABFE2E004D3450 /* Alerts */,
				4A7398EA21A6AC3C004D3450 /* deviceDataModel.swift */,
			);
			path = Models;
			sourceTree = "<group>";
		};
		4A73990221ABFE2E004D3450 /* Alerts */ = {
			isa = PBXGroup;
			children = (
				4A73990321ABFE42004D3450 /* changeNameAlert.swift */,
			);
			path = Alerts;
			sourceTree = "<group>";
		};
		4AAC670121AFF74B0083D87F /* Delegates */ = {
			isa = PBXGroup;
			children = (
			);
			path = Delegates;
			sourceTree = "<group>";
		};
/* End PBXGroup section */

/* Begin PBXNativeTarget section */
		4A73989C21A473B9004D3450 /* SaveSense */ = {
			isa = PBXNativeTarget;
			buildConfigurationList = 4A7398C821A473BA004D3450 /* Build configuration list for PBXNativeTarget "SaveSense" */;
			buildPhases = (
				4A73989921A473B9004D3450 /* Sources */,
				4A73989A21A473B9004D3450 /* Frameworks */,
				4A73989B21A473B9004D3450 /* Resources */,
			);
			buildRules = (
			);
			dependencies = (
			);
			name = SaveSense;
			productName = SaveSense;
			productReference = 4A73989D21A473B9004D3450 /* SaveSense.app */;
			productType = "com.apple.product-type.application";
		};
		4A7398B321A473BA004D3450 /* SaveSenseTests */ = {
			isa = PBXNativeTarget;
			buildConfigurationList = 4A7398CB21A473BA004D3450 /* Build configuration list for PBXNativeTarget "SaveSenseTests" */;
			buildPhases = (
				4A7398B021A473BA004D3450 /* Sources */,
				4A7398B121A473BA004D3450 /* Frameworks */,
				4A7398B221A473BA004D3450 /* Resources */,
			);
			buildRules = (
			);
			dependencies = (
				4A7398B621A473BA004D3450 /* PBXTargetDependency */,
			);
			name = SaveSenseTests;
			productName = SaveSenseTests;
			productReference = 4A7398B421A473BA004D3450 /* SaveSenseTests.xctest */;
			productType = "com.apple.product-type.bundle.unit-test";
		};
		4A7398BE21A473BA004D3450 /* SaveSenseUITests */ = {
			isa = PBXNativeTarget;
			buildConfigurationList = 4A7398CE21A473BA004D3450 /* Build configuration list for PBXNativeTarget "SaveSenseUITests" */;
			buildPhases = (
				4A7398BB21A473BA004D3450 /* Sources */,
				4A7398BC21A473BA004D3450 /* Frameworks */,
				4A7398BD21A473BA004D3450 /* Resources */,
			);
			buildRules = (
			);
			dependencies = (
				4A7398C121A473BA004D3450 /* PBXTargetDependency */,
			);
			name = SaveSenseUITests;
			productName = SaveSenseUITests;
			productReference = 4A7398BF21A473BA004D3450 /* SaveSenseUITests.xctest */;
			productType = "com.apple.product-type.bundle.ui-testing";
		};
/* End PBXNativeTarget section */

/* Begin PBXProject section */
		4A73989521A473B9004D3450 /* Project object */ = {
			isa = PBXProject;
			attributes = {
				LastSwiftUpdateCheck = 1010;
				LastUpgradeCheck = 1010;
				ORGANIZATIONNAME = "dBest Innovations";
				TargetAttributes = {
					4A73989C21A473B9004D3450 = {
						CreatedOnToolsVersion = 10.1;
					};
					4A7398B321A473BA004D3450 = {
						CreatedOnToolsVersion = 10.1;
						TestTargetID = 4A73989C21A473B9004D3450;
					};
					4A7398BE21A473BA004D3450 = {
						CreatedOnToolsVersion = 10.1;
						TestTargetID = 4A73989C21A473B9004D3450;
					};
				};
			};
			buildConfigurationList = 4A73989821A473B9004D3450 /* Build configuration list for PBXProject "SaveSense" */;
			compatibilityVersion = "Xcode 9.3";
			developmentRegion = en;
			hasScannedForEncodings = 0;
			knownRegions = (
				en,
				Base,
			);
			mainGroup = 4A73989421A473B9004D3450;
			productRefGroup = 4A73989E21A473B9004D3450 /* Products */;
			projectDirPath = "";
			projectRoot = "";
			targets = (
				4A73989C21A473B9004D3450 /* SaveSense */,
				4A7398B321A473BA004D3450 /* SaveSenseTests */,
				4A7398BE21A473BA004D3450 /* SaveSenseUITests */,
			);
		};
/* End PBXProject section */

/* Begin PBXResourcesBuildPhase section */
		4A73989B21A473B9004D3450 /* Resources */ = {
			isa = PBXResourcesBuildPhase;
			buildActionMask = 2147483647;
			files = (
				4A7398DA21A47549004D3450 /* watchIconWhiteBackground.png in Resources */,
				4A7398F721A6B276004D3450 /* battery_threequarter.png in Resources */,
				4A7398F421A6B276004D3450 /* battery_empty.png in Resources */,
				4A7398AE21A473BA004D3450 /* LaunchScreen.storyboard in Resources */,
				4A7398D921A47549004D3450 /* satelliteIcon.png in Resources */,
				4A7398F621A6B276004D3450 /* battery_half.png in Resources */,
				4A7398FF21A83613004D3450 /* Edit_icon.png in Resources */,
				4A7398F521A6B276004D3450 /* battery_full.png in Resources */,
				4A7398AB21A473BA004D3450 /* Assets.xcassets in Resources */,
			);
			runOnlyForDeploymentPostprocessing = 0;
		};
		4A7398B221A473BA004D3450 /* Resources */ = {
			isa = PBXResourcesBuildPhase;
			buildActionMask = 2147483647;
			files = (
			);
			runOnlyForDeploymentPostprocessing = 0;
		};
		4A7398BD21A473BA004D3450 /* Resources */ = {
			isa = PBXResourcesBuildPhase;
			buildActionMask = 2147483647;
			files = (
			);
			runOnlyForDeploymentPostprocessing = 0;
		};
/* End PBXResourcesBuildPhase section */

/* Begin PBXSourcesBuildPhase section */
		4A73989921A473B9004D3450 /* Sources */ = {
			isa = PBXSourcesBuildPhase;
			buildActionMask = 2147483647;
			files = (
				4A7398DC21A4757B004D3450 /* LoginViewControllerLayout.swift in Sources */,
				4A7398D221A47468004D3450 /* LoginViewController.swift in Sources */,
				4A7398F921A82DB8004D3450 /* DeviceDetailViewController.swift in Sources */,
				4A7398FB21A83007004D3450 /* DeviceDetailViewControllerLayout.swift in Sources */,
				4A7398E321A57F15004D3450 /* LoginCardView.swift in Sources */,
				4A7398EB21A6AC3C004D3450 /* deviceDataModel.swift in Sources */,
				4A7398EF21A6AD40004D3450 /* deviceTableCell.swift in Sources */,
				4A7398ED21A6ACB5004D3450 /* HomeViewControllerLayout.swift in Sources */,
				4A7398E621A57F30004D3450 /* RegisterCardView.swift in Sources */,
				4A7398FD21A833AE004D3450 /* DeviceDetailViewControllerConstraints.swift in Sources */,
				4A7398E121A47736004D3450 /* LoginViewController Constraints.swift in Sources */,
				4A7398E821A5BBCB004D3450 /* HomeViewController.swift in Sources */,
				4A7398A921A473B9004D3450 /* SaveSense.xcdatamodeld in Sources */,
				4A7398A121A473B9004D3450 /* AppDelegate.swift in Sources */,
				4A7398DE21A475AB004D3450 /* customButton.swift in Sources */,
				4A73990421ABFE42004D3450 /* changeNameAlert.swift in Sources */,
			);
			runOnlyForDeploymentPostprocessing = 0;
		};
		4A7398B021A473BA004D3450 /* Sources */ = {
			isa = PBXSourcesBuildPhase;
			buildActionMask = 2147483647;
			files = (
				4A7398B921A473BA004D3450 /* SaveSenseTests.swift in Sources */,
			);
			runOnlyForDeploymentPostprocessing = 0;
		};
		4A7398BB21A473BA004D3450 /* Sources */ = {
			isa = PBXSourcesBuildPhase;
			buildActionMask = 2147483647;
			files = (
				4A7398C421A473BA004D3450 /* SaveSenseUITests.swift in Sources */,
			);
			runOnlyForDeploymentPostprocessing = 0;
		};
/* End PBXSourcesBuildPhase section */

/* Begin PBXTargetDependency section */
		4A7398B621A473BA004D3450 /* PBXTargetDependency */ = {
			isa = PBXTargetDependency;
			target = 4A73989C21A473B9004D3450 /* SaveSense */;
			targetProxy = 4A7398B521A473BA004D3450 /* PBXContainerItemProxy */;
		};
		4A7398C121A473BA004D3450 /* PBXTargetDependency */ = {
			isa = PBXTargetDependency;
			target = 4A73989C21A473B9004D3450 /* SaveSense */;
			targetProxy = 4A7398C021A473BA004D3450 /* PBXContainerItemProxy */;
		};
/* End PBXTargetDependency section */

/* Begin PBXVariantGroup section */
		4A7398AC21A473BA004D3450 /* LaunchScreen.storyboard */ = {
			isa = PBXVariantGroup;
			children = (
				4A7398AD21A473BA004D3450 /* Base */,
			);
			name = LaunchScreen.storyboard;
			sourceTree = "<group>";
		};
/* End PBXVariantGroup section */

/* Begin XCBuildConfiguration section */
		4A7398C621A473BA004D3450 /* Debug */ = {
			isa = XCBuildConfiguration;
			buildSettings = {
				ALWAYS_SEARCH_USER_PATHS = NO;
				CLANG_ANALYZER_NONNULL = YES;
				CLANG_ANALYZER_NUMBER_OBJECT_CONVERSION = YES_AGGRESSIVE;
				CLANG_CXX_LANGUAGE_STANDARD = "gnu++14";
				CLANG_CXX_LIBRARY = "libc++";
				CLANG_ENABLE_MODULES = YES;
				CLANG_ENABLE_OBJC_ARC = YES;
				CLANG_ENABLE_OBJC_WEAK = YES;
				CLANG_WARN_BLOCK_CAPTURE_AUTORELEASING = YES;
				CLANG_WARN_BOOL_CONVERSION = YES;
				CLANG_WARN_COMMA = YES;
				CLANG_WARN_CONSTANT_CONVERSION = YES;
				CLANG_WARN_DEPRECATED_OBJC_IMPLEMENTATIONS = YES;
				CLANG_WARN_DIRECT_OBJC_ISA_USAGE = YES_ERROR;
				CLANG_WARN_DOCUMENTATION_COMMENTS = YES;
				CLANG_WARN_EMPTY_BODY = YES;
				CLANG_WARN_ENUM_CONVERSION = YES;
				CLANG_WARN_INFINITE_RECURSION = YES;
				CLANG_WARN_INT_CONVERSION = YES;
				CLANG_WARN_NON_LITERAL_NULL_CONVERSION = YES;
				CLANG_WARN_OBJC_IMPLICIT_RETAIN_SELF = YES;
				CLANG_WARN_OBJC_LITERAL_CONVERSION = YES;
				CLANG_WARN_OBJC_ROOT_CLASS = YES_ERROR;
				CLANG_WARN_RANGE_LOOP_ANALYSIS = YES;
				CLANG_WARN_STRICT_PROTOTYPES = YES;
				CLANG_WARN_SUSPICIOUS_MOVE = YES;
				CLANG_WARN_UNGUARDED_AVAILABILITY = YES_AGGRESSIVE;
				CLANG_WARN_UNREACHABLE_CODE = YES;
				CLANG_WARN__DUPLICATE_METHOD_MATCH = YES;
				CODE_SIGN_IDENTITY = "iPhone Developer";
				COPY_PHASE_STRIP = NO;
				DEBUG_INFORMATION_FORMAT = dwarf;
				ENABLE_STRICT_OBJC_MSGSEND = YES;
				ENABLE_TESTABILITY = YES;
				GCC_C_LANGUAGE_STANDARD = gnu11;
				GCC_DYNAMIC_NO_PIC = NO;
				GCC_NO_COMMON_BLOCKS = YES;
				GCC_OPTIMIZATION_LEVEL = 0;
				GCC_PREPROCESSOR_DEFINITIONS = (
					"DEBUG=1",
					"$(inherited)",
				);
				GCC_WARN_64_TO_32_BIT_CONVERSION = YES;
				GCC_WARN_ABOUT_RETURN_TYPE = YES_ERROR;
				GCC_WARN_UNDECLARED_SELECTOR = YES;
				GCC_WARN_UNINITIALIZED_AUTOS = YES_AGGRESSIVE;
				GCC_WARN_UNUSED_FUNCTION = YES;
				GCC_WARN_UNUSED_VARIABLE = YES;
				IPHONEOS_DEPLOYMENT_TARGET = 12.1;
				MTL_ENABLE_DEBUG_INFO = INCLUDE_SOURCE;
				MTL_FAST_MATH = YES;
				ONLY_ACTIVE_ARCH = YES;
				SDKROOT = iphoneos;
				SWIFT_ACTIVE_COMPILATION_CONDITIONS = DEBUG;
				SWIFT_OPTIMIZATION_LEVEL = "-Onone";
			};
			name = Debug;
		};
		4A7398C721A473BA004D3450 /* Release */ = {
			isa = XCBuildConfiguration;
			buildSettings = {
				ALWAYS_SEARCH_USER_PATHS = NO;
				CLANG_ANALYZER_NONNULL = YES;
				CLANG_ANALYZER_NUMBER_OBJECT_CONVERSION = YES_AGGRESSIVE;
				CLANG_CXX_LANGUAGE_STANDARD = "gnu++14";
				CLANG_CXX_LIBRARY = "libc++";
				CLANG_ENABLE_MODULES = YES;
				CLANG_ENABLE_OBJC_ARC = YES;
				CLANG_ENABLE_OBJC_WEAK = YES;
				CLANG_WARN_BLOCK_CAPTURE_AUTORELEASING = YES;
				CLANG_WARN_BOOL_CONVERSION = YES;
				CLANG_WARN_COMMA = YES;
				CLANG_WARN_CONSTANT_CONVERSION = YES;
				CLANG_WARN_DEPRECATED_OBJC_IMPLEMENTATIONS = YES;
				CLANG_WARN_DIRECT_OBJC_ISA_USAGE = YES_ERROR;
				CLANG_WARN_DOCUMENTATION_COMMENTS = YES;
				CLANG_WARN_EMPTY_BODY = YES;
				CLANG_WARN_ENUM_CONVERSION = YES;
				CLANG_WARN_INFINITE_RECURSION = YES;
				CLANG_WARN_INT_CONVERSION = YES;
				CLANG_WARN_NON_LITERAL_NULL_CONVERSION = YES;
				CLANG_WARN_OBJC_IMPLICIT_RETAIN_SELF = YES;
				CLANG_WARN_OBJC_LITERAL_CONVERSION = YES;
				CLANG_WARN_OBJC_ROOT_CLASS = YES_ERROR;
				CLANG_WARN_RANGE_LOOP_ANALYSIS = YES;
				CLANG_WARN_STRICT_PROTOTYPES = YES;
				CLANG_WARN_SUSPICIOUS_MOVE = YES;
				CLANG_WARN_UNGUARDED_AVAILABILITY = YES_AGGRESSIVE;
				CLANG_WARN_UNREACHABLE_CODE = YES;
				CLANG_WARN__DUPLICATE_METHOD_MATCH = YES;
				CODE_SIGN_IDENTITY = "iPhone Developer";
				COPY_PHASE_STRIP = NO;
				DEBUG_INFORMATION_FORMAT = "dwarf-with-dsym";
				ENABLE_NS_ASSERTIONS = NO;
				ENABLE_STRICT_OBJC_MSGSEND = YES;
				GCC_C_LANGUAGE_STANDARD = gnu11;
				GCC_NO_COMMON_BLOCKS = YES;
				GCC_WARN_64_TO_32_BIT_CONVERSION = YES;
				GCC_WARN_ABOUT_RETURN_TYPE = YES_ERROR;
				GCC_WARN_UNDECLARED_SELECTOR = YES;
				GCC_WARN_UNINITIALIZED_AUTOS = YES_AGGRESSIVE;
				GCC_WARN_UNUSED_FUNCTION = YES;
				GCC_WARN_UNUSED_VARIABLE = YES;
				IPHONEOS_DEPLOYMENT_TARGET = 12.1;
				MTL_ENABLE_DEBUG_INFO = NO;
				MTL_FAST_MATH = YES;
				SDKROOT = iphoneos;
				SWIFT_COMPILATION_MODE = wholemodule;
				SWIFT_OPTIMIZATION_LEVEL = "-O";
				VALIDATE_PRODUCT = YES;
			};
			name = Release;
		};
		4A7398C921A473BA004D3450 /* Debug */ = {
			isa = XCBuildConfiguration;
			buildSettings = {
				ASSETCATALOG_COMPILER_APPICON_NAME = AppIcon;
				CODE_SIGN_STYLE = Automatic;
				DEVELOPMENT_TEAM = CHX7968AKC;
				INFOPLIST_FILE = SaveSense/Info.plist;
				LD_RUNPATH_SEARCH_PATHS = (
					"$(inherited)",
					"@executable_path/Frameworks",
				);
				PRODUCT_BUNDLE_IDENTIFIER = dBest.SaveSense;
				PRODUCT_NAME = "$(TARGET_NAME)";
				SWIFT_VERSION = 4.2;
				TARGETED_DEVICE_FAMILY = "1,2";
			};
			name = Debug;
		};
		4A7398CA21A473BA004D3450 /* Release */ = {
			isa = XCBuildConfiguration;
			buildSettings = {
				ASSETCATALOG_COMPILER_APPICON_NAME = AppIcon;
				CODE_SIGN_STYLE = Automatic;
				DEVELOPMENT_TEAM = CHX7968AKC;
				INFOPLIST_FILE = SaveSense/Info.plist;
				LD_RUNPATH_SEARCH_PATHS = (
					"$(inherited)",
					"@executable_path/Frameworks",
				);
				PRODUCT_BUNDLE_IDENTIFIER = dBest.SaveSense;
				PRODUCT_NAME = "$(TARGET_NAME)";
				SWIFT_VERSION = 4.2;
				TARGETED_DEVICE_FAMILY = "1,2";
			};
			name = Release;
		};
		4A7398CC21A473BA004D3450 /* Debug */ = {
			isa = XCBuildConfiguration;
			buildSettings = {
				ALWAYS_EMBED_SWIFT_STANDARD_LIBRARIES = YES;
				BUNDLE_LOADER = "$(TEST_HOST)";
				CODE_SIGN_STYLE = Automatic;
				DEVELOPMENT_TEAM = CHX7968AKC;
				INFOPLIST_FILE = SaveSenseTests/Info.plist;
				LD_RUNPATH_SEARCH_PATHS = (
					"$(inherited)",
					"@executable_path/Frameworks",
					"@loader_path/Frameworks",
				);
				PRODUCT_BUNDLE_IDENTIFIER = dBest.SaveSenseTests;
				PRODUCT_NAME = "$(TARGET_NAME)";
				SWIFT_VERSION = 4.2;
				TARGETED_DEVICE_FAMILY = "1,2";
				TEST_HOST = "$(BUILT_PRODUCTS_DIR)/SaveSense.app/SaveSense";
			};
			name = Debug;
		};
		4A7398CD21A473BA004D3450 /* Release */ = {
			isa = XCBuildConfiguration;
			buildSettings = {
				ALWAYS_EMBED_SWIFT_STANDARD_LIBRARIES = YES;
				BUNDLE_LOADER = "$(TEST_HOST)";
				CODE_SIGN_STYLE = Automatic;
				DEVELOPMENT_TEAM = CHX7968AKC;
				INFOPLIST_FILE = SaveSenseTests/Info.plist;
				LD_RUNPATH_SEARCH_PATHS = (
					"$(inherited)",
					"@executable_path/Frameworks",
					"@loader_path/Frameworks",
				);
				PRODUCT_BUNDLE_IDENTIFIER = dBest.SaveSenseTests;
				PRODUCT_NAME = "$(TARGET_NAME)";
				SWIFT_VERSION = 4.2;
				TARGETED_DEVICE_FAMILY = "1,2";
				TEST_HOST = "$(BUILT_PRODUCTS_DIR)/SaveSense.app/SaveSense";
			};
			name = Release;
		};
		4A7398CF21A473BA004D3450 /* Debug */ = {
			isa = XCBuildConfiguration;
			buildSettings = {
				ALWAYS_EMBED_SWIFT_STANDARD_LIBRARIES = YES;
				CODE_SIGN_STYLE = Automatic;
				DEVELOPMENT_TEAM = CHX7968AKC;
				INFOPLIST_FILE = SaveSenseUITests/Info.plist;
				LD_RUNPATH_SEARCH_PATHS = (
					"$(inherited)",
					"@executable_path/Frameworks",
					"@loader_path/Frameworks",
				);
				PRODUCT_BUNDLE_IDENTIFIER = dBest.SaveSenseUITests;
				PRODUCT_NAME = "$(TARGET_NAME)";
				SWIFT_VERSION = 4.2;
				TARGETED_DEVICE_FAMILY = "1,2";
				TEST_TARGET_NAME = SaveSense;
			};
			name = Debug;
		};
		4A7398D021A473BA004D3450 /* Release */ = {
			isa = XCBuildConfiguration;
			buildSettings = {
				ALWAYS_EMBED_SWIFT_STANDARD_LIBRARIES = YES;
				CODE_SIGN_STYLE = Automatic;
				DEVELOPMENT_TEAM = CHX7968AKC;
				INFOPLIST_FILE = SaveSenseUITests/Info.plist;
				LD_RUNPATH_SEARCH_PATHS = (
					"$(inherited)",
					"@executable_path/Frameworks",
					"@loader_path/Frameworks",
				);
				PRODUCT_BUNDLE_IDENTIFIER = dBest.SaveSenseUITests;
				PRODUCT_NAME = "$(TARGET_NAME)";
				SWIFT_VERSION = 4.2;
				TARGETED_DEVICE_FAMILY = "1,2";
				TEST_TARGET_NAME = SaveSense;
			};
			name = Release;
		};
/* End XCBuildConfiguration section */

/* Begin XCConfigurationList section */
		4A73989821A473B9004D3450 /* Build configuration list for PBXProject "SaveSense" */ = {
			isa = XCConfigurationList;
			buildConfigurations = (
				4A7398C621A473BA004D3450 /* Debug */,
				4A7398C721A473BA004D3450 /* Release */,
			);
			defaultConfigurationIsVisible = 0;
			defaultConfigurationName = Release;
		};
		4A7398C821A473BA004D3450 /* Build configuration list for PBXNativeTarget "SaveSense" */ = {
			isa = XCConfigurationList;
			buildConfigurations = (
				4A7398C921A473BA004D3450 /* Debug */,
				4A7398CA21A473BA004D3450 /* Release */,
			);
			defaultConfigurationIsVisible = 0;
			defaultConfigurationName = Release;
		};
		4A7398CB21A473BA004D3450 /* Build configuration list for PBXNativeTarget "SaveSenseTests" */ = {
			isa = XCConfigurationList;
			buildConfigurations = (
				4A7398CC21A473BA004D3450 /* Debug */,
				4A7398CD21A473BA004D3450 /* Release */,
			);
			defaultConfigurationIsVisible = 0;
			defaultConfigurationName = Release;
		};
		4A7398CE21A473BA004D3450 /* Build configuration list for PBXNativeTarget "SaveSenseUITests" */ = {
			isa = XCConfigurationList;
			buildConfigurations = (
				4A7398CF21A473BA004D3450 /* Debug */,
				4A7398D021A473BA004D3450 /* Release */,
			);
			defaultConfigurationIsVisible = 0;
			defaultConfigurationName = Release;
		};
/* End XCConfigurationList section */

/* Begin XCVersionGroup section */
		4A7398A721A473B9004D3450 /* SaveSense.xcdatamodeld */ = {
			isa = XCVersionGroup;
			children = (
				4A7398A821A473B9004D3450 /* SaveSense.xcdatamodel */,
			);
			currentVersion = 4A7398A821A473B9004D3450 /* SaveSense.xcdatamodel */;
			path = SaveSense.xcdatamodeld;
			sourceTree = "<group>";
			versionGroupType = wrapper.xcdatamodel;
		};
/* End XCVersionGroup section */
	};
	rootObject = 4A73989521A473B9004D3450 /* Project object */;
}
